// !$*UTF8*$!
{
	archiveVersion = 1;
	classes = {
	};
	objectVersion = 46;
	objects = {

/* Begin PBXAggregateTarget section */
		3AE8AAE81F94D4520004480E /* Mogenerator */ = {
			isa = PBXAggregateTarget;
			buildConfigurationList = 3AE8AAEB1F94D4530004480E /* Build configuration list for PBXAggregateTarget "Mogenerator" */;
			buildPhases = (
				3AE8AAEC1F94D4580004480E /* ShellScript */,
			);
			dependencies = (
			);
			name = Mogenerator;
			productName = Mogenerator;
		};
/* End PBXAggregateTarget section */

/* Begin PBXBuildFile section */
		3A17A63F1E55CA800039C73F /* UseClasses.m in Sources */ = {isa = PBXBuildFile; fileRef = 3A17A63E1E55CA800039C73F /* UseClasses.m */; };
		3A5C85371DFA857B00E77EE8 /* SecondViewController.m in Sources */ = {isa = PBXBuildFile; fileRef = 3A5C85361DFA857B00E77EE8 /* SecondViewController.m */; };
		3AA2D6961F9E0E6400B50BEA /* Model.xcdatamodeld in Sources */ = {isa = PBXBuildFile; fileRef = 3AA2D6941F9E0E6400B50BEA /* Model.xcdatamodeld */; };
		3AFD6CBA1DF8486E004E4086 /* main.m in Sources */ = {isa = PBXBuildFile; fileRef = 3AFD6CB91DF8486E004E4086 /* main.m */; };
		3AFD6CBD1DF8486E004E4086 /* AppDelegate.m in Sources */ = {isa = PBXBuildFile; fileRef = 3AFD6CBC1DF8486E004E4086 /* AppDelegate.m */; };
		3AFD6CC01DF8486E004E4086 /* ViewController.m in Sources */ = {isa = PBXBuildFile; fileRef = 3AFD6CBF1DF8486E004E4086 /* ViewController.m */; };
		3AFD6CC31DF8486E004E4086 /* Main.storyboard in Resources */ = {isa = PBXBuildFile; fileRef = 3AFD6CC11DF8486E004E4086 /* Main.storyboard */; };
		3AFD6CC51DF8486E004E4086 /* Assets.xcassets in Resources */ = {isa = PBXBuildFile; fileRef = 3AFD6CC41DF8486E004E4086 /* Assets.xcassets */; };
		3AFD6CC81DF8486E004E4086 /* LaunchScreen.storyboard in Resources */ = {isa = PBXBuildFile; fileRef = 3AFD6CC61DF8486E004E4086 /* LaunchScreen.storyboard */; };
		3AFD6CD31DF8486E004E4086 /* SampleLogicsTests.m in Sources */ = {isa = PBXBuildFile; fileRef = 3AFD6CD21DF8486E004E4086 /* SampleLogicsTests.m */; };
		3AFD6CDE1DF8486E004E4086 /* SampleLogicsUITests.m in Sources */ = {isa = PBXBuildFile; fileRef = 3AFD6CDD1DF8486E004E4086 /* SampleLogicsUITests.m */; };
/* End PBXBuildFile section */

/* Begin PBXContainerItemProxy section */
		3AFD6CCF1DF8486E004E4086 /* PBXContainerItemProxy */ = {
			isa = PBXContainerItemProxy;
			containerPortal = 3AFD6CAD1DF8486D004E4086 /* Project object */;
			proxyType = 1;
			remoteGlobalIDString = 3AFD6CB41DF8486E004E4086;
			remoteInfo = SampleLogics;
		};
		3AFD6CDA1DF8486E004E4086 /* PBXContainerItemProxy */ = {
			isa = PBXContainerItemProxy;
			containerPortal = 3AFD6CAD1DF8486D004E4086 /* Project object */;
			proxyType = 1;
			remoteGlobalIDString = 3AFD6CB41DF8486E004E4086;
			remoteInfo = SampleLogics;
		};
/* End PBXContainerItemProxy section */

/* Begin PBXFileReference section */
		3A17A63D1E55CA800039C73F /* UseClasses.h */ = {isa = PBXFileReference; fileEncoding = 4; lastKnownFileType = sourcecode.c.h; path = UseClasses.h; sourceTree = "<group>"; };
		3A17A63E1E55CA800039C73F /* UseClasses.m */ = {isa = PBXFileReference; fileEncoding = 4; lastKnownFileType = sourcecode.c.objc; path = UseClasses.m; sourceTree = "<group>"; };
		3A5C85351DFA857B00E77EE8 /* SecondViewController.h */ = {isa = PBXFileReference; fileEncoding = 4; lastKnownFileType = sourcecode.c.h; path = SecondViewController.h; sourceTree = "<group>"; };
		3A5C85361DFA857B00E77EE8 /* SecondViewController.m */ = {isa = PBXFileReference; fileEncoding = 4; lastKnownFileType = sourcecode.c.objc; path = SecondViewController.m; sourceTree = "<group>"; };
		3AA2D6951F9E0E6400B50BEA /* Model.xcdatamodel */ = {isa = PBXFileReference; lastKnownFileType = wrapper.xcdatamodel; path = Model.xcdatamodel; sourceTree = "<group>"; };
		3AFD6CB51DF8486E004E4086 /* SampleLogics.app */ = {isa = PBXFileReference; explicitFileType = wrapper.application; includeInIndex = 0; path = SampleLogics.app; sourceTree = BUILT_PRODUCTS_DIR; };
		3AFD6CB91DF8486E004E4086 /* main.m */ = {isa = PBXFileReference; lastKnownFileType = sourcecode.c.objc; path = main.m; sourceTree = "<group>"; };
		3AFD6CBB1DF8486E004E4086 /* AppDelegate.h */ = {isa = PBXFileReference; lastKnownFileType = sourcecode.c.h; path = AppDelegate.h; sourceTree = "<group>"; };
		3AFD6CBC1DF8486E004E4086 /* AppDelegate.m */ = {isa = PBXFileReference; lastKnownFileType = sourcecode.c.objc; path = AppDelegate.m; sourceTree = "<group>"; };
		3AFD6CBE1DF8486E004E4086 /* ViewController.h */ = {isa = PBXFileReference; lastKnownFileType = sourcecode.c.h; path = ViewController.h; sourceTree = "<group>"; };
		3AFD6CBF1DF8486E004E4086 /* ViewController.m */ = {isa = PBXFileReference; lastKnownFileType = sourcecode.c.objc; path = ViewController.m; sourceTree = "<group>"; };
		3AFD6CC21DF8486E004E4086 /* Base */ = {isa = PBXFileReference; lastKnownFileType = file.storyboard; name = Base; path = Base.lproj/Main.storyboard; sourceTree = "<group>"; };
		3AFD6CC41DF8486E004E4086 /* Assets.xcassets */ = {isa = PBXFileReference; lastKnownFileType = folder.assetcatalog; path = Assets.xcassets; sourceTree = "<group>"; };
		3AFD6CC71DF8486E004E4086 /* Base */ = {isa = PBXFileReference; lastKnownFileType = file.storyboard; name = Base; path = Base.lproj/LaunchScreen.storyboard; sourceTree = "<group>"; };
		3AFD6CC91DF8486E004E4086 /* Info.plist */ = {isa = PBXFileReference; lastKnownFileType = text.plist.xml; path = Info.plist; sourceTree = "<group>"; };
		3AFD6CCE1DF8486E004E4086 /* SampleLogicsTests.xctest */ = {isa = PBXFileReference; explicitFileType = wrapper.cfbundle; includeInIndex = 0; path = SampleLogicsTests.xctest; sourceTree = BUILT_PRODUCTS_DIR; };
		3AFD6CD21DF8486E004E4086 /* SampleLogicsTests.m */ = {isa = PBXFileReference; lastKnownFileType = sourcecode.c.objc; path = SampleLogicsTests.m; sourceTree = "<group>"; };
		3AFD6CD41DF8486E004E4086 /* Info.plist */ = {isa = PBXFileReference; lastKnownFileType = text.plist.xml; path = Info.plist; sourceTree = "<group>"; };
		3AFD6CD91DF8486E004E4086 /* SampleLogicsUITests.xctest */ = {isa = PBXFileReference; explicitFileType = wrapper.cfbundle; includeInIndex = 0; path = SampleLogicsUITests.xctest; sourceTree = BUILT_PRODUCTS_DIR; };
		3AFD6CDD1DF8486E004E4086 /* SampleLogicsUITests.m */ = {isa = PBXFileReference; lastKnownFileType = sourcecode.c.objc; path = SampleLogicsUITests.m; sourceTree = "<group>"; };
		3AFD6CDF1DF8486E004E4086 /* Info.plist */ = {isa = PBXFileReference; lastKnownFileType = text.plist.xml; path = Info.plist; sourceTree = "<group>"; };
/* End PBXFileReference section */

/* Begin PBXFrameworksBuildPhase section */
		3AFD6CB21DF8486E004E4086 /* Frameworks */ = {
			isa = PBXFrameworksBuildPhase;
			buildActionMask = 2147483647;
			files = (
			);
			runOnlyForDeploymentPostprocessing = 0;
		};
		3AFD6CCB1DF8486E004E4086 /* Frameworks */ = {
			isa = PBXFrameworksBuildPhase;
			buildActionMask = 2147483647;
			files = (
			);
			runOnlyForDeploymentPostprocessing = 0;
		};
		3AFD6CD61DF8486E004E4086 /* Frameworks */ = {
			isa = PBXFrameworksBuildPhase;
			buildActionMask = 2147483647;
			files = (
			);
			runOnlyForDeploymentPostprocessing = 0;
		};
/* End PBXFrameworksBuildPhase section */

/* Begin PBXGroup section */
		3AFD6CAC1DF8486D004E4086 = {
			isa = PBXGroup;
			children = (
				3AFD6CB71DF8486E004E4086 /* SampleLogics */,
				3AFD6CD11DF8486E004E4086 /* SampleLogicsTests */,
				3AFD6CDC1DF8486E004E4086 /* SampleLogicsUITests */,
				3AFD6CB61DF8486E004E4086 /* Products */,
			);
			sourceTree = "<group>";
		};
		3AFD6CB61DF8486E004E4086 /* Products */ = {
			isa = PBXGroup;
			children = (
				3AFD6CB51DF8486E004E4086 /* SampleLogics.app */,
				3AFD6CCE1DF8486E004E4086 /* SampleLogicsTests.xctest */,
				3AFD6CD91DF8486E004E4086 /* SampleLogicsUITests.xctest */,
			);
			name = Products;
			sourceTree = "<group>";
		};
		3AFD6CB71DF8486E004E4086 /* SampleLogics */ = {
			isa = PBXGroup;
			children = (
				3AFD6CBB1DF8486E004E4086 /* AppDelegate.h */,
				3AFD6CBC1DF8486E004E4086 /* AppDelegate.m */,
				3AFD6CBE1DF8486E004E4086 /* ViewController.h */,
				3AFD6CBF1DF8486E004E4086 /* ViewController.m */,
				3A5C85351DFA857B00E77EE8 /* SecondViewController.h */,
				3A5C85361DFA857B00E77EE8 /* SecondViewController.m */,
				3AA2D6941F9E0E6400B50BEA /* Model.xcdatamodeld */,
				3A17A63D1E55CA800039C73F /* UseClasses.h */,
				3A17A63E1E55CA800039C73F /* UseClasses.m */,
				3AFD6CC11DF8486E004E4086 /* Main.storyboard */,
				3AFD6CC41DF8486E004E4086 /* Assets.xcassets */,
				3AFD6CC61DF8486E004E4086 /* LaunchScreen.storyboard */,
				3AFD6CC91DF8486E004E4086 /* Info.plist */,
				3AFD6CB81DF8486E004E4086 /* Supporting Files */,
			);
			path = SampleLogics;
			sourceTree = "<group>";
		};
		3AFD6CB81DF8486E004E4086 /* Supporting Files */ = {
			isa = PBXGroup;
			children = (
				3AFD6CB91DF8486E004E4086 /* main.m */,
			);
			name = "Supporting Files";
			sourceTree = "<group>";
		};
		3AFD6CD11DF8486E004E4086 /* SampleLogicsTests */ = {
			isa = PBXGroup;
			children = (
				3AFD6CD21DF8486E004E4086 /* SampleLogicsTests.m */,
				3AFD6CD41DF8486E004E4086 /* Info.plist */,
			);
			path = SampleLogicsTests;
			sourceTree = "<group>";
		};
		3AFD6CDC1DF8486E004E4086 /* SampleLogicsUITests */ = {
			isa = PBXGroup;
			children = (
				3AFD6CDD1DF8486E004E4086 /* SampleLogicsUITests.m */,
				3AFD6CDF1DF8486E004E4086 /* Info.plist */,
			);
			path = SampleLogicsUITests;
			sourceTree = "<group>";
		};
/* End PBXGroup section */

/* Begin PBXNativeTarget section */
		3AFD6CB41DF8486E004E4086 /* SampleLogics */ = {
			isa = PBXNativeTarget;
			buildConfigurationList = 3AFD6CE21DF8486E004E4086 /* Build configuration list for PBXNativeTarget "SampleLogics" */;
			buildPhases = (
				3AFD6CB11DF8486E004E4086 /* Sources */,
				3AFD6CB21DF8486E004E4086 /* Frameworks */,
				3AFD6CB31DF8486E004E4086 /* Resources */,
			);
			buildRules = (
			);
			dependencies = (
			);
			name = SampleLogics;
			productName = SampleLogics;
			productReference = 3AFD6CB51DF8486E004E4086 /* SampleLogics.app */;
			productType = "com.apple.product-type.application";
		};
		3AFD6CCD1DF8486E004E4086 /* SampleLogicsTests */ = {
			isa = PBXNativeTarget;
			buildConfigurationList = 3AFD6CE51DF8486E004E4086 /* Build configuration list for PBXNativeTarget "SampleLogicsTests" */;
			buildPhases = (
				3AFD6CCA1DF8486E004E4086 /* Sources */,
				3AFD6CCB1DF8486E004E4086 /* Frameworks */,
				3AFD6CCC1DF8486E004E4086 /* Resources */,
			);
			buildRules = (
			);
			dependencies = (
				3AFD6CD01DF8486E004E4086 /* PBXTargetDependency */,
			);
			name = SampleLogicsTests;
			productName = SampleLogicsTests;
			productReference = 3AFD6CCE1DF8486E004E4086 /* SampleLogicsTests.xctest */;
			productType = "com.apple.product-type.bundle.unit-test";
		};
		3AFD6CD81DF8486E004E4086 /* SampleLogicsUITests */ = {
			isa = PBXNativeTarget;
			buildConfigurationList = 3AFD6CE81DF8486E004E4086 /* Build configuration list for PBXNativeTarget "SampleLogicsUITests" */;
			buildPhases = (
				3AFD6CD51DF8486E004E4086 /* Sources */,
				3AFD6CD61DF8486E004E4086 /* Frameworks */,
				3AFD6CD71DF8486E004E4086 /* Resources */,
			);
			buildRules = (
			);
			dependencies = (
				3AFD6CDB1DF8486E004E4086 /* PBXTargetDependency */,
			);
			name = SampleLogicsUITests;
			productName = SampleLogicsUITests;
			productReference = 3AFD6CD91DF8486E004E4086 /* SampleLogicsUITests.xctest */;
			productType = "com.apple.product-type.bundle.ui-testing";
		};
/* End PBXNativeTarget section */

/* Begin PBXProject section */
		3AFD6CAD1DF8486D004E4086 /* Project object */ = {
			isa = PBXProject;
			attributes = {
				LastUpgradeCheck = 0730;
				ORGANIZATIONNAME = ravikumar;
				TargetAttributes = {
					3AE8AAE81F94D4520004480E = {
						CreatedOnToolsVersion = 8.3.2;
						ProvisioningStyle = Automatic;
					};
					3AFD6CB41DF8486E004E4086 = {
						CreatedOnToolsVersion = 7.3.1;
						DevelopmentTeam = 544WF584A4;
						ProvisioningStyle = Manual;
					};
					3AFD6CCD1DF8486E004E4086 = {
						CreatedOnToolsVersion = 7.3.1;
						TestTargetID = 3AFD6CB41DF8486E004E4086;
					};
					3AFD6CD81DF8486E004E4086 = {
						CreatedOnToolsVersion = 7.3.1;
						TestTargetID = 3AFD6CB41DF8486E004E4086;
					};
				};
			};
			buildConfigurationList = 3AFD6CB01DF8486D004E4086 /* Build configuration list for PBXProject "SampleLogics" */;
			compatibilityVersion = "Xcode 3.2";
			developmentRegion = English;
			hasScannedForEncodings = 0;
			knownRegions = (
				en,
				Base,
			);
			mainGroup = 3AFD6CAC1DF8486D004E4086;
			productRefGroup = 3AFD6CB61DF8486E004E4086 /* Products */;
			projectDirPath = "";
			projectRoot = "";
			targets = (
				3AFD6CB41DF8486E004E4086 /* SampleLogics */,
				3AFD6CCD1DF8486E004E4086 /* SampleLogicsTests */,
				3AFD6CD81DF8486E004E4086 /* SampleLogicsUITests */,
				3AE8AAE81F94D4520004480E /* Mogenerator */,
			);
		};
/* End PBXProject section */

/* Begin PBXResourcesBuildPhase section */
		3AFD6CB31DF8486E004E4086 /* Resources */ = {
			isa = PBXResourcesBuildPhase;
			buildActionMask = 2147483647;
			files = (
				3AFD6CC81DF8486E004E4086 /* LaunchScreen.storyboard in Resources */,
				3AFD6CC51DF8486E004E4086 /* Assets.xcassets in Resources */,
				3AFD6CC31DF8486E004E4086 /* Main.storyboard in Resources */,
			);
			runOnlyForDeploymentPostprocessing = 0;
		};
		3AFD6CCC1DF8486E004E4086 /* Resources */ = {
			isa = PBXResourcesBuildPhase;
			buildActionMask = 2147483647;
			files = (
			);
			runOnlyForDeploymentPostprocessing = 0;
		};
		3AFD6CD71DF8486E004E4086 /* Resources */ = {
			isa = PBXResourcesBuildPhase;
			buildActionMask = 2147483647;
			files = (
			);
			runOnlyForDeploymentPostprocessing = 0;
		};
/* End PBXResourcesBuildPhase section */

/* Begin PBXShellScriptBuildPhase section */
		3AE8AAEC1F94D4580004480E /* ShellScript */ = {
			isa = PBXShellScriptBuildPhase;
			buildActionMask = 2147483647;
			files = (
			);
			inputPaths = (
			);
			outputPaths = (
			);
			runOnlyForDeploymentPostprocessing = 0;
			shellPath = /bin/sh;
			shellScript = "mogenerator -m SampleLogics/Model.xcdatamodeld -O SampleLogics/Model --template-var arc=true\n";
		};
/* End PBXShellScriptBuildPhase section */

/* Begin PBXSourcesBuildPhase section */
		3AFD6CB11DF8486E004E4086 /* Sources */ = {
			isa = PBXSourcesBuildPhase;
			buildActionMask = 2147483647;
			files = (
				3A5C85371DFA857B00E77EE8 /* SecondViewController.m in Sources */,
				3AFD6CC01DF8486E004E4086 /* ViewController.m in Sources */,
				3A17A63F1E55CA800039C73F /* UseClasses.m in Sources */,
				3AFD6CBD1DF8486E004E4086 /* AppDelegate.m in Sources */,
				3AFD6CBA1DF8486E004E4086 /* main.m in Sources */,
				3AA2D6961F9E0E6400B50BEA /* Model.xcdatamodeld in Sources */,
			);
			runOnlyForDeploymentPostprocessing = 0;
		};
		3AFD6CCA1DF8486E004E4086 /* Sources */ = {
			isa = PBXSourcesBuildPhase;
			buildActionMask = 2147483647;
			files = (
				3AFD6CD31DF8486E004E4086 /* SampleLogicsTests.m in Sources */,
			);
			runOnlyForDeploymentPostprocessing = 0;
		};
		3AFD6CD51DF8486E004E4086 /* Sources */ = {
			isa = PBXSourcesBuildPhase;
			buildActionMask = 2147483647;
			files = (
				3AFD6CDE1DF8486E004E4086 /* SampleLogicsUITests.m in Sources */,
			);
			runOnlyForDeploymentPostprocessing = 0;
		};
/* End PBXSourcesBuildPhase section */

/* Begin PBXTargetDependency section */
		3AFD6CD01DF8486E004E4086 /* PBXTargetDependency */ = {
			isa = PBXTargetDependency;
			target = 3AFD6CB41DF8486E004E4086 /* SampleLogics */;
			targetProxy = 3AFD6CCF1DF8486E004E4086 /* PBXContainerItemProxy */;
		};
		3AFD6CDB1DF8486E004E4086 /* PBXTargetDependency */ = {
			isa = PBXTargetDependency;
			target = 3AFD6CB41DF8486E004E4086 /* SampleLogics */;
			targetProxy = 3AFD6CDA1DF8486E004E4086 /* PBXContainerItemProxy */;
		};
/* End PBXTargetDependency section */

/* Begin PBXVariantGroup section */
		3AFD6CC11DF8486E004E4086 /* Main.storyboard */ = {
			isa = PBXVariantGroup;
			children = (
				3AFD6CC21DF8486E004E4086 /* Base */,
			);
			name = Main.storyboard;
			sourceTree = "<group>";
		};
		3AFD6CC61DF8486E004E4086 /* LaunchScreen.storyboard */ = {
			isa = PBXVariantGroup;
			children = (
				3AFD6CC71DF8486E004E4086 /* Base */,
			);
			name = LaunchScreen.storyboard;
			sourceTree = "<group>";
		};
/* End PBXVariantGroup section */

/* Begin XCBuildConfiguration section */
		3AE8AAE91F94D4530004480E /* Debug */ = {
			isa = XCBuildConfiguration;
			buildSettings = {
				PRODUCT_NAME = "$(TARGET_NAME)";
			};
			name = Debug;
		};
		3AE8AAEA1F94D4530004480E /* Release */ = {
			isa = XCBuildConfiguration;
			buildSettings = {
				PRODUCT_NAME = "$(TARGET_NAME)";
			};
			name = Release;
		};
		3AFD6CE01DF8486E004E4086 /* Debug */ = {
			isa = XCBuildConfiguration;
			buildSettings = {
				ALWAYS_EMBED_SWIFT_STANDARD_LIBRARIES = NO;
				ALWAYS_SEARCH_USER_PATHS = NO;
				CLANG_ANALYZER_NONNULL = YES;
				CLANG_CXX_LANGUAGE_STANDARD = "gnu++0x";
				CLANG_CXX_LIBRARY = "libc++";
				CLANG_ENABLE_MODULES = YES;
				CLANG_ENABLE_OBJC_ARC = YES;
				CLANG_WARN_BOOL_CONVERSION = YES;
				CLANG_WARN_CONSTANT_CONVERSION = YES;
				CLANG_WARN_DIRECT_OBJC_ISA_USAGE = YES_ERROR;
				CLANG_WARN_EMPTY_BODY = YES;
				CLANG_WARN_ENUM_CONVERSION = YES;
				CLANG_WARN_INT_CONVERSION = YES;
				CLANG_WARN_OBJC_ROOT_CLASS = YES_ERROR;
				CLANG_WARN_UNREACHABLE_CODE = YES;
				CLANG_WARN__DUPLICATE_METHOD_MATCH = YES;
				"CODE_SIGN_IDENTITY[sdk=iphoneos*]" = "iPhone Developer";
				COPY_PHASE_STRIP = NO;
				DEBUG_INFORMATION_FORMAT = dwarf;
				ENABLE_STRICT_OBJC_MSGSEND = YES;
				ENABLE_TESTABILITY = YES;
				GCC_C_LANGUAGE_STANDARD = gnu99;
				GCC_DYNAMIC_NO_PIC = NO;
				GCC_NO_COMMON_BLOCKS = YES;
				GCC_OPTIMIZATION_LEVEL = 0;
				GCC_PREPROCESSOR_DEFINITIONS = (
					"DEBUG=1",
					"$(inherited)",
				);
				GCC_WARN_64_TO_32_BIT_CONVERSION = YES;
				GCC_WARN_ABOUT_RETURN_TYPE = YES_ERROR;
				GCC_WARN_UNDECLARED_SELECTOR = YES;
				GCC_WARN_UNINITIALIZED_AUTOS = YES_AGGRESSIVE;
				GCC_WARN_UNUSED_FUNCTION = YES;
				GCC_WARN_UNUSED_VARIABLE = YES;
				IPHONEOS_DEPLOYMENT_TARGET = 9.3;
				MTL_ENABLE_DEBUG_INFO = YES;
				ONLY_ACTIVE_ARCH = YES;
				SDKROOT = iphoneos;
				TARGETED_DEVICE_FAMILY = "1,2";
			};
			name = Debug;
		};
		3AFD6CE11DF8486E004E4086 /* Release */ = {
			isa = XCBuildConfiguration;
			buildSettings = {
				ALWAYS_EMBED_SWIFT_STANDARD_LIBRARIES = NO;
				ALWAYS_SEARCH_USER_PATHS = NO;
				CLANG_ANALYZER_NONNULL = YES;
				CLANG_CXX_LANGUAGE_STANDARD = "gnu++0x";
				CLANG_CXX_LIBRARY = "libc++";
				CLANG_ENABLE_MODULES = YES;
				CLANG_ENABLE_OBJC_ARC = YES;
				CLANG_WARN_BOOL_CONVERSION = YES;
				CLANG_WARN_CONSTANT_CONVERSION = YES;
				CLANG_WARN_DIRECT_OBJC_ISA_USAGE = YES_ERROR;
				CLANG_WARN_EMPTY_BODY = YES;
				CLANG_WARN_ENUM_CONVERSION = YES;
				CLANG_WARN_INT_CONVERSION = YES;
				CLANG_WARN_OBJC_ROOT_CLASS = YES_ERROR;
				CLANG_WARN_UNREACHABLE_CODE = YES;
				CLANG_WARN__DUPLICATE_METHOD_MATCH = YES;
				"CODE_SIGN_IDENTITY[sdk=iphoneos*]" = "iPhone Developer";
				COPY_PHASE_STRIP = NO;
				DEBUG_INFORMATION_FORMAT = "dwarf-with-dsym";
				ENABLE_NS_ASSERTIONS = NO;
				ENABLE_STRICT_OBJC_MSGSEND = YES;
				GCC_C_LANGUAGE_STANDARD = gnu99;
				GCC_NO_COMMON_BLOCKS = YES;
				GCC_WARN_64_TO_32_BIT_CONVERSION = YES;
				GCC_WARN_ABOUT_RETURN_TYPE = YES_ERROR;
				GCC_WARN_UNDECLARED_SELECTOR = YES;
				GCC_WARN_UNINITIALIZED_AUTOS = YES_AGGRESSIVE;
				GCC_WARN_UNUSED_FUNCTION = YES;
				GCC_WARN_UNUSED_VARIABLE = YES;
				IPHONEOS_DEPLOYMENT_TARGET = 9.3;
				MTL_ENABLE_DEBUG_INFO = NO;
				SDKROOT = iphoneos;
				TARGETED_DEVICE_FAMILY = "1,2";
				VALIDATE_PRODUCT = YES;
			};
			name = Release;
		};
		3AFD6CE31DF8486E004E4086 /* Debug */ = {
			isa = XCBuildConfiguration;
			buildSettings = {
				ALWAYS_EMBED_SWIFT_STANDARD_LIBRARIES = NO;
				ASSETCATALOG_COMPILER_APPICON_NAME = AppIcon;
				CODE_SIGN_IDENTITY = "iPhone Developer: ARMS AOT (C6CP7P7J2K)";
				CODE_SIGN_STYLE = Manual;
				DEVELOPMENT_TEAM = 544WF584A4;
				INFOPLIST_FILE = SampleLogics/Info.plist;
				IPHONEOS_DEPLOYMENT_TARGET = 11.0;
				LD_RUNPATH_SEARCH_PATHS = "$(inherited) @executable_path/Frameworks";
				PRODUCT_BUNDLE_IDENTIFIER = arms.aot;
				PRODUCT_NAME = "$(TARGET_NAME)";
				PROVISIONING_PROFILE = "ec93bd61-123f-4ece-8028-c3795b548a48";
				PROVISIONING_PROFILE_SPECIFIER = "AMS Dev";
			};
			name = Debug;
		};
		3AFD6CE41DF8486E004E4086 /* Release */ = {
			isa = XCBuildConfiguration;
			buildSettings = {
				ALWAYS_EMBED_SWIFT_STANDARD_LIBRARIES = NO;
				ASSETCATALOG_COMPILER_APPICON_NAME = AppIcon;
				CODE_SIGN_IDENTITY = "iPhone Developer: ARMS AOT (C6CP7P7J2K)";
				CODE_SIGN_STYLE = Manual;
				DEVELOPMENT_TEAM = 544WF584A4;
				INFOPLIST_FILE = SampleLogics/Info.plist;
				IPHONEOS_DEPLOYMENT_TARGET = 11.0;
				LD_RUNPATH_SEARCH_PATHS = "$(inherited) @executable_path/Frameworks";
				PRODUCT_BUNDLE_IDENTIFIER = arms.aot;
				PRODUCT_NAME = "$(TARGET_NAME)";
				PROVISIONING_PROFILE = "ec93bd61-123f-4ece-8028-c3795b548a48";
				PROVISIONING_PROFILE_SPECIFIER = "AMS Dev";
			};
			name = Release;
		};
		3AFD6CE61DF8486E004E4086 /* Debug */ = {
			isa = XCBuildConfiguration;
			buildSettings = {
				BUNDLE_LOADER = "$(TEST_HOST)";
				INFOPLIST_FILE = SampleLogicsTests/Info.plist;
				LD_RUNPATH_SEARCH_PATHS = "$(inherited) @executable_path/Frameworks @loader_path/Frameworks";
				PRODUCT_BUNDLE_IDENTIFIER = Ravikumar.SampleLogicsTests;
				PRODUCT_NAME = "$(TARGET_NAME)";
				TEST_HOST = "$(BUILT_PRODUCTS_DIR)/SampleLogics.app/SampleLogics";
			};
			name = Debug;
		};
		3AFD6CE71DF8486E004E4086 /* Release */ = {
			isa = XCBuildConfiguration;
			buildSettings = {
				BUNDLE_LOADER = "$(TEST_HOST)";
				INFOPLIST_FILE = SampleLogicsTests/Info.plist;
				LD_RUNPATH_SEARCH_PATHS = "$(inherited) @executable_path/Frameworks @loader_path/Frameworks";
				PRODUCT_BUNDLE_IDENTIFIER = Ravikumar.SampleLogicsTests;
				PRODUCT_NAME = "$(TARGET_NAME)";
				TEST_HOST = "$(BUILT_PRODUCTS_DIR)/SampleLogics.app/SampleLogics";
			};
			name = Release;
		};
		3AFD6CE91DF8486E004E4086 /* Debug */ = {
			isa = XCBuildConfiguration;
			buildSettings = {
				INFOPLIST_FILE = SampleLogicsUITests/Info.plist;
				LD_RUNPATH_SEARCH_PATHS = "$(inherited) @executable_path/Frameworks @loader_path/Frameworks";
				PRODUCT_BUNDLE_IDENTIFIER = Ravikumar.SampleLogicsUITests;
				PRODUCT_NAME = "$(TARGET_NAME)";
				TEST_TARGET_NAME = SampleLogics;
			};
			name = Debug;
		};
		3AFD6CEA1DF8486E004E4086 /* Release */ = {
			isa = XCBuildConfiguration;
			buildSettings = {
				INFOPLIST_FILE = SampleLogicsUITests/Info.plist;
				LD_RUNPATH_SEARCH_PATHS = "$(inherited) @executable_path/Frameworks @loader_path/Frameworks";
				PRODUCT_BUNDLE_IDENTIFIER = Ravikumar.SampleLogicsUITests;
				PRODUCT_NAME = "$(TARGET_NAME)";
				TEST_TARGET_NAME = SampleLogics;
			};
			name = Release;
		};
/* End XCBuildConfiguration section */

/* Begin XCConfigurationList section */
		3AE8AAEB1F94D4530004480E /* Build configuration list for PBXAggregateTarget "Mogenerator" */ = {
			isa = XCConfigurationList;
			buildConfigurations = (
				3AE8AAE91F94D4530004480E /* Debug */,
				3AE8AAEA1F94D4530004480E /* Release */,
			);
			defaultConfigurationIsVisible = 0;
			defaultConfigurationName = Release;
		};
		3AFD6CB01DF8486D004E4086 /* Build configuration list for PBXProject "SampleLogics" */ = {
			isa = XCConfigurationList;
			buildConfigurations = (
				3AFD6CE01DF8486E004E4086 /* Debug */,
				3AFD6CE11DF8486E004E4086 /* Release */,
			);
			defaultConfigurationIsVisible = 0;
			defaultConfigurationName = Release;
		};
		3AFD6CE21DF8486E004E4086 /* Build configuration list for PBXNativeTarget "SampleLogics" */ = {
			isa = XCConfigurationList;
			buildConfigurations = (
				3AFD6CE31DF8486E004E4086 /* Debug */,
				3AFD6CE41DF8486E004E4086 /* Release */,
			);
			defaultConfigurationIsVisible = 0;
			defaultConfigurationName = Release;
		};
		3AFD6CE51DF8486E004E4086 /* Build configuration list for PBXNativeTarget "SampleLogicsTests" */ = {
			isa = XCConfigurationList;
			buildConfigurations = (
				3AFD6CE61DF8486E004E4086 /* Debug */,
				3AFD6CE71DF8486E004E4086 /* Release */,
			);
			defaultConfigurationIsVisible = 0;
			defaultConfigurationName = Release;
		};
		3AFD6CE81DF8486E004E4086 /* Build configuration list for PBXNativeTarget "SampleLogicsUITests" */ = {
			isa = XCConfigurationList;
			buildConfigurations = (
				3AFD6CE91DF8486E004E4086 /* Debug */,
				3AFD6CEA1DF8486E004E4086 /* Release */,
			);
			defaultConfigurationIsVisible = 0;
			defaultConfigurationName = Release;
		};
/* End XCConfigurationList section */

/* Begin XCVersionGroup section */
		3AA2D6941F9E0E6400B50BEA /* Model.xcdatamodeld */ = {
			isa = XCVersionGroup;
			children = (
				3AA2D6951F9E0E6400B50BEA /* Model.xcdatamodel */,
			);
			currentVersion = 3AA2D6951F9E0E6400B50BEA /* Model.xcdatamodel */;
			path = Model.xcdatamodeld;
			sourceTree = "<group>";
			versionGroupType = wrapper.xcdatamodel;
		};
/* End XCVersionGroup section */
	};
	rootObject = 3AFD6CAD1DF8486D004E4086 /* Project object */;
}
